// !$*UTF8*$!
{
	archiveVersion = 1;
	classes = {
	};
	objectVersion = 46;
	objects = {

/* Begin PBXBuildFile section */
		377D156B1959C6EB004E4E67 /* retweet_blue.png in Resources */ = {isa = PBXBuildFile; fileRef = 377D156A1959C6EB004E4E67 /* retweet_blue.png */; };
		377D156D1959DD14004E4E67 /* bird_blue_48.png in Resources */ = {isa = PBXBuildFile; fileRef = 377D156C1959DD14004E4E67 /* bird_blue_48.png */; };
		377D156F1959DE25004E4E67 /* bird_gray_48.png in Resources */ = {isa = PBXBuildFile; fileRef = 377D156E1959DE25004E4E67 /* bird_gray_48.png */; };
		379EBE2B1953F6DD00226FAB /* Foundation.framework in Frameworks */ = {isa = PBXBuildFile; fileRef = 379EBE2A1953F6DD00226FAB /* Foundation.framework */; };
		379EBE2D1953F6DD00226FAB /* CoreGraphics.framework in Frameworks */ = {isa = PBXBuildFile; fileRef = 379EBE2C1953F6DD00226FAB /* CoreGraphics.framework */; };
		379EBE2F1953F6DD00226FAB /* UIKit.framework in Frameworks */ = {isa = PBXBuildFile; fileRef = 379EBE2E1953F6DD00226FAB /* UIKit.framework */; };
		379EBE351953F6DD00226FAB /* InfoPlist.strings in Resources */ = {isa = PBXBuildFile; fileRef = 379EBE331953F6DD00226FAB /* InfoPlist.strings */; };
		379EBE371953F6DD00226FAB /* main.m in Sources */ = {isa = PBXBuildFile; fileRef = 379EBE361953F6DD00226FAB /* main.m */; };
		379EBE3B1953F6DD00226FAB /* AppDelegate.m in Sources */ = {isa = PBXBuildFile; fileRef = 379EBE3A1953F6DD00226FAB /* AppDelegate.m */; };
		379EBE3D1953F6DD00226FAB /* Images.xcassets in Resources */ = {isa = PBXBuildFile; fileRef = 379EBE3C1953F6DD00226FAB /* Images.xcassets */; };
		379EBE441953F6DD00226FAB /* XCTest.framework in Frameworks */ = {isa = PBXBuildFile; fileRef = 379EBE431953F6DD00226FAB /* XCTest.framework */; };
		379EBE451953F6DD00226FAB /* Foundation.framework in Frameworks */ = {isa = PBXBuildFile; fileRef = 379EBE2A1953F6DD00226FAB /* Foundation.framework */; };
		379EBE461953F6DD00226FAB /* UIKit.framework in Frameworks */ = {isa = PBXBuildFile; fileRef = 379EBE2E1953F6DD00226FAB /* UIKit.framework */; };
		379EBE4E1953F6DD00226FAB /* InfoPlist.strings in Resources */ = {isa = PBXBuildFile; fileRef = 379EBE4C1953F6DD00226FAB /* InfoPlist.strings */; };
		379EBE501953F6DD00226FAB /* TweetieClientTests.m in Sources */ = {isa = PBXBuildFile; fileRef = 379EBE4F1953F6DD00226FAB /* TweetieClientTests.m */; };
		379EBE5C1953F8B300226FAB /* TwitterClient.m in Sources */ = {isa = PBXBuildFile; fileRef = 379EBE5B1953F8B300226FAB /* TwitterClient.m */; };
		379EBE611953F99F00226FAB /* LoginViewController.m in Sources */ = {isa = PBXBuildFile; fileRef = 379EBE5F1953F99F00226FAB /* LoginViewController.m */; };
		379EBE621953F99F00226FAB /* LoginViewController.xib in Resources */ = {isa = PBXBuildFile; fileRef = 379EBE601953F99F00226FAB /* LoginViewController.xib */; };
		379EBE681953FC5600226FAB /* NSURL+dictionaryFromQueryString.m in Sources */ = {isa = PBXBuildFile; fileRef = 379EBE671953FC5600226FAB /* NSURL+dictionaryFromQueryString.m */; };
		379EBE6C19549C9600226FAB /* User.m in Sources */ = {isa = PBXBuildFile; fileRef = 379EBE6B19549C9600226FAB /* User.m */; };
		379EBE6F1954A5E700226FAB /* Tweet.m in Sources */ = {isa = PBXBuildFile; fileRef = 379EBE6E1954A5E700226FAB /* Tweet.m */; };
		379EBE731954E8C300226FAB /* TimelineViewController.m in Sources */ = {isa = PBXBuildFile; fileRef = 379EBE711954E8C300226FAB /* TimelineViewController.m */; };
		379EBE741954E8C300226FAB /* TimelineViewController.xib in Resources */ = {isa = PBXBuildFile; fileRef = 379EBE721954E8C300226FAB /* TimelineViewController.xib */; };
		379EBE7919554B8D00226FAB /* TweetViewCell.m in Sources */ = {isa = PBXBuildFile; fileRef = 379EBE7719554B8D00226FAB /* TweetViewCell.m */; };
		379EBE7A19554B8D00226FAB /* TweetViewCell.xib in Resources */ = {isa = PBXBuildFile; fileRef = 379EBE7819554B8D00226FAB /* TweetViewCell.xib */; };
		379EBE801955D4CF00226FAB /* reply.png in Resources */ = {isa = PBXBuildFile; fileRef = 379EBE7C1955D4CF00226FAB /* reply.png */; };
		379EBE811955D4CF00226FAB /* retweet.png in Resources */ = {isa = PBXBuildFile; fileRef = 379EBE7D1955D4CF00226FAB /* retweet.png */; };
		379EBE821955D4CF00226FAB /* fav.png in Resources */ = {isa = PBXBuildFile; fileRef = 379EBE7E1955D4CF00226FAB /* fav.png */; };
		379EBE831955D4CF00226FAB /* compose.png in Resources */ = {isa = PBXBuildFile; fileRef = 379EBE7F1955D4CF00226FAB /* compose.png */; };
		379EBE871956192600226FAB /* RetweetViewCell.m in Sources */ = {isa = PBXBuildFile; fileRef = 379EBE851956192600226FAB /* RetweetViewCell.m */; };
		379EBE881956192600226FAB /* RetweetViewCell.xib in Resources */ = {isa = PBXBuildFile; fileRef = 379EBE861956192600226FAB /* RetweetViewCell.xib */; };
		379EBE8C19565C9100226FAB /* TweetViewController.m in Sources */ = {isa = PBXBuildFile; fileRef = 379EBE8A19565C9100226FAB /* TweetViewController.m */; };
		379EBE8D19565C9100226FAB /* TweetViewController.xib in Resources */ = {isa = PBXBuildFile; fileRef = 379EBE8B19565C9100226FAB /* TweetViewController.xib */; };
		379EBE9119572F0600226FAB /* ComposeViewController.m in Sources */ = {isa = PBXBuildFile; fileRef = 379EBE8F19572F0600226FAB /* ComposeViewController.m */; };
		379EBE9219572F0600226FAB /* ComposeViewController.xib in Resources */ = {isa = PBXBuildFile; fileRef = 379EBE9019572F0600226FAB /* ComposeViewController.xib */; };
		379EBE941957945B00226FAB /* faved.png in Resources */ = {isa = PBXBuildFile; fileRef = 379EBE931957945B00226FAB /* faved.png */; };
		D0794EC3D7984BDAA9A278B0 /* libPods.a in Frameworks */ = {isa = PBXBuildFile; fileRef = 5748FA3C7ED04042A4606111 /* libPods.a */; };
/* End PBXBuildFile section */

/* Begin PBXContainerItemProxy section */
		379EBE471953F6DD00226FAB /* PBXContainerItemProxy */ = {
			isa = PBXContainerItemProxy;
			containerPortal = 379EBE1F1953F6DD00226FAB /* Project object */;
			proxyType = 1;
			remoteGlobalIDString = 379EBE261953F6DD00226FAB;
			remoteInfo = TweetieClient;
		};
/* End PBXContainerItemProxy section */

/* Begin PBXFileReference section */
		377D156A1959C6EB004E4E67 /* retweet_blue.png */ = {isa = PBXFileReference; lastKnownFileType = image.png; path = retweet_blue.png; sourceTree = "<group>"; };
		377D156C1959DD14004E4E67 /* bird_blue_48.png */ = {isa = PBXFileReference; lastKnownFileType = image.png; path = bird_blue_48.png; sourceTree = "<group>"; };
		377D156E1959DE25004E4E67 /* bird_gray_48.png */ = {isa = PBXFileReference; lastKnownFileType = image.png; path = bird_gray_48.png; sourceTree = "<group>"; };
		379EBE271953F6DD00226FAB /* TweetieClient.app */ = {isa = PBXFileReference; explicitFileType = wrapper.application; includeInIndex = 0; path = TweetieClient.app; sourceTree = BUILT_PRODUCTS_DIR; };
		379EBE2A1953F6DD00226FAB /* Foundation.framework */ = {isa = PBXFileReference; lastKnownFileType = wrapper.framework; name = Foundation.framework; path = System/Library/Frameworks/Foundation.framework; sourceTree = SDKROOT; };
		379EBE2C1953F6DD00226FAB /* CoreGraphics.framework */ = {isa = PBXFileReference; lastKnownFileType = wrapper.framework; name = CoreGraphics.framework; path = System/Library/Frameworks/CoreGraphics.framework; sourceTree = SDKROOT; };
		379EBE2E1953F6DD00226FAB /* UIKit.framework */ = {isa = PBXFileReference; lastKnownFileType = wrapper.framework; name = UIKit.framework; path = System/Library/Frameworks/UIKit.framework; sourceTree = SDKROOT; };
		379EBE321953F6DD00226FAB /* TweetieClient-Info.plist */ = {isa = PBXFileReference; lastKnownFileType = text.plist.xml; path = "TweetieClient-Info.plist"; sourceTree = "<group>"; };
		379EBE341953F6DD00226FAB /* en */ = {isa = PBXFileReference; lastKnownFileType = text.plist.strings; name = en; path = en.lproj/InfoPlist.strings; sourceTree = "<group>"; };
		379EBE361953F6DD00226FAB /* main.m */ = {isa = PBXFileReference; lastKnownFileType = sourcecode.c.objc; path = main.m; sourceTree = "<group>"; };
		379EBE381953F6DD00226FAB /* TweetieClient-Prefix.pch */ = {isa = PBXFileReference; lastKnownFileType = sourcecode.c.h; path = "TweetieClient-Prefix.pch"; sourceTree = "<group>"; };
		379EBE391953F6DD00226FAB /* AppDelegate.h */ = {isa = PBXFileReference; lastKnownFileType = sourcecode.c.h; path = AppDelegate.h; sourceTree = "<group>"; };
		379EBE3A1953F6DD00226FAB /* AppDelegate.m */ = {isa = PBXFileReference; lastKnownFileType = sourcecode.c.objc; path = AppDelegate.m; sourceTree = "<group>"; };
		379EBE3C1953F6DD00226FAB /* Images.xcassets */ = {isa = PBXFileReference; lastKnownFileType = folder.assetcatalog; path = Images.xcassets; sourceTree = "<group>"; };
		379EBE421953F6DD00226FAB /* TweetieClientTests.xctest */ = {isa = PBXFileReference; explicitFileType = wrapper.cfbundle; includeInIndex = 0; path = TweetieClientTests.xctest; sourceTree = BUILT_PRODUCTS_DIR; };
		379EBE431953F6DD00226FAB /* XCTest.framework */ = {isa = PBXFileReference; lastKnownFileType = wrapper.framework; name = XCTest.framework; path = Library/Frameworks/XCTest.framework; sourceTree = DEVELOPER_DIR; };
		379EBE4B1953F6DD00226FAB /* TweetieClientTests-Info.plist */ = {isa = PBXFileReference; lastKnownFileType = text.plist.xml; path = "TweetieClientTests-Info.plist"; sourceTree = "<group>"; };
		379EBE4D1953F6DD00226FAB /* en */ = {isa = PBXFileReference; lastKnownFileType = text.plist.strings; name = en; path = en.lproj/InfoPlist.strings; sourceTree = "<group>"; };
		379EBE4F1953F6DD00226FAB /* TweetieClientTests.m */ = {isa = PBXFileReference; lastKnownFileType = sourcecode.c.objc; path = TweetieClientTests.m; sourceTree = "<group>"; };
		379EBE5A1953F8B300226FAB /* TwitterClient.h */ = {isa = PBXFileReference; fileEncoding = 4; lastKnownFileType = sourcecode.c.h; path = TwitterClient.h; sourceTree = "<group>"; };
		379EBE5B1953F8B300226FAB /* TwitterClient.m */ = {isa = PBXFileReference; fileEncoding = 4; lastKnownFileType = sourcecode.c.objc; path = TwitterClient.m; sourceTree = "<group>"; };
		379EBE5E1953F99F00226FAB /* LoginViewController.h */ = {isa = PBXFileReference; fileEncoding = 4; lastKnownFileType = sourcecode.c.h; path = LoginViewController.h; sourceTree = "<group>"; };
		379EBE5F1953F99F00226FAB /* LoginViewController.m */ = {isa = PBXFileReference; fileEncoding = 4; lastKnownFileType = sourcecode.c.objc; path = LoginViewController.m; sourceTree = "<group>"; };
		379EBE601953F99F00226FAB /* LoginViewController.xib */ = {isa = PBXFileReference; fileEncoding = 4; lastKnownFileType = file.xib; path = LoginViewController.xib; sourceTree = "<group>"; };
		379EBE661953FC5600226FAB /* NSURL+dictionaryFromQueryString.h */ = {isa = PBXFileReference; fileEncoding = 4; lastKnownFileType = sourcecode.c.h; path = "NSURL+dictionaryFromQueryString.h"; sourceTree = "<group>"; };
		379EBE671953FC5600226FAB /* NSURL+dictionaryFromQueryString.m */ = {isa = PBXFileReference; fileEncoding = 4; lastKnownFileType = sourcecode.c.objc; path = "NSURL+dictionaryFromQueryString.m"; sourceTree = "<group>"; };
		379EBE6A19549C9600226FAB /* User.h */ = {isa = PBXFileReference; fileEncoding = 4; lastKnownFileType = sourcecode.c.h; path = User.h; sourceTree = "<group>"; };
		379EBE6B19549C9600226FAB /* User.m */ = {isa = PBXFileReference; fileEncoding = 4; lastKnownFileType = sourcecode.c.objc; path = User.m; sourceTree = "<group>"; };
		379EBE6D1954A5E700226FAB /* Tweet.h */ = {isa = PBXFileReference; fileEncoding = 4; lastKnownFileType = sourcecode.c.h; path = Tweet.h; sourceTree = "<group>"; };
		379EBE6E1954A5E700226FAB /* Tweet.m */ = {isa = PBXFileReference; fileEncoding = 4; lastKnownFileType = sourcecode.c.objc; path = Tweet.m; sourceTree = "<group>"; };
		379EBE701954E8C300226FAB /* TimelineViewController.h */ = {isa = PBXFileReference; fileEncoding = 4; lastKnownFileType = sourcecode.c.h; path = TimelineViewController.h; sourceTree = "<group>"; };
		379EBE711954E8C300226FAB /* TimelineViewController.m */ = {isa = PBXFileReference; fileEncoding = 4; lastKnownFileType = sourcecode.c.objc; path = TimelineViewController.m; sourceTree = "<group>"; };
		379EBE721954E8C300226FAB /* TimelineViewController.xib */ = {isa = PBXFileReference; fileEncoding = 4; lastKnownFileType = file.xib; path = TimelineViewController.xib; sourceTree = "<group>"; };
		379EBE7619554B8D00226FAB /* TweetViewCell.h */ = {isa = PBXFileReference; fileEncoding = 4; lastKnownFileType = sourcecode.c.h; path = TweetViewCell.h; sourceTree = "<group>"; };
		379EBE7719554B8D00226FAB /* TweetViewCell.m */ = {isa = PBXFileReference; fileEncoding = 4; lastKnownFileType = sourcecode.c.objc; path = TweetViewCell.m; sourceTree = "<group>"; };
		379EBE7819554B8D00226FAB /* TweetViewCell.xib */ = {isa = PBXFileReference; fileEncoding = 4; lastKnownFileType = file.xib; path = TweetViewCell.xib; sourceTree = "<group>"; };
		379EBE7C1955D4CF00226FAB /* reply.png */ = {isa = PBXFileReference; lastKnownFileType = image.png; path = reply.png; sourceTree = "<group>"; };
		379EBE7D1955D4CF00226FAB /* retweet.png */ = {isa = PBXFileReference; lastKnownFileType = image.png; path = retweet.png; sourceTree = "<group>"; };
		379EBE7E1955D4CF00226FAB /* fav.png */ = {isa = PBXFileReference; lastKnownFileType = image.png; path = fav.png; sourceTree = "<group>"; };
		379EBE7F1955D4CF00226FAB /* compose.png */ = {isa = PBXFileReference; lastKnownFileType = image.png; path = compose.png; sourceTree = "<group>"; };
		379EBE841956192600226FAB /* RetweetViewCell.h */ = {isa = PBXFileReference; fileEncoding = 4; lastKnownFileType = sourcecode.c.h; path = RetweetViewCell.h; sourceTree = "<group>"; };
		379EBE851956192600226FAB /* RetweetViewCell.m */ = {isa = PBXFileReference; fileEncoding = 4; lastKnownFileType = sourcecode.c.objc; path = RetweetViewCell.m; sourceTree = "<group>"; };
		379EBE861956192600226FAB /* RetweetViewCell.xib */ = {isa = PBXFileReference; fileEncoding = 4; lastKnownFileType = file.xib; path = RetweetViewCell.xib; sourceTree = "<group>"; };
		379EBE8919565C9100226FAB /* TweetViewController.h */ = {isa = PBXFileReference; fileEncoding = 4; lastKnownFileType = sourcecode.c.h; path = TweetViewController.h; sourceTree = "<group>"; };
		379EBE8A19565C9100226FAB /* TweetViewController.m */ = {isa = PBXFileReference; fileEncoding = 4; lastKnownFileType = sourcecode.c.objc; path = TweetViewController.m; sourceTree = "<group>"; };
		379EBE8B19565C9100226FAB /* TweetViewController.xib */ = {isa = PBXFileReference; fileEncoding = 4; lastKnownFileType = file.xib; path = TweetViewController.xib; sourceTree = "<group>"; };
		379EBE8E19572F0600226FAB /* ComposeViewController.h */ = {isa = PBXFileReference; fileEncoding = 4; lastKnownFileType = sourcecode.c.h; path = ComposeViewController.h; sourceTree = "<group>"; };
		379EBE8F19572F0600226FAB /* ComposeViewController.m */ = {isa = PBXFileReference; fileEncoding = 4; lastKnownFileType = sourcecode.c.objc; path = ComposeViewController.m; sourceTree = "<group>"; };
		379EBE9019572F0600226FAB /* ComposeViewController.xib */ = {isa = PBXFileReference; fileEncoding = 4; lastKnownFileType = file.xib; path = ComposeViewController.xib; sourceTree = "<group>"; };
		379EBE931957945B00226FAB /* faved.png */ = {isa = PBXFileReference; lastKnownFileType = image.png; path = faved.png; sourceTree = "<group>"; };
		5748FA3C7ED04042A4606111 /* libPods.a */ = {isa = PBXFileReference; explicitFileType = archive.ar; includeInIndex = 0; path = libPods.a; sourceTree = BUILT_PRODUCTS_DIR; };
		8A1C276C18E9414AAE33CEB1 /* Pods.xcconfig */ = {isa = PBXFileReference; includeInIndex = 1; lastKnownFileType = text.xcconfig; name = Pods.xcconfig; path = Pods/Pods.xcconfig; sourceTree = "<group>"; };
/* End PBXFileReference section */

/* Begin PBXFrameworksBuildPhase section */
		379EBE241953F6DD00226FAB /* Frameworks */ = {
			isa = PBXFrameworksBuildPhase;
			buildActionMask = 2147483647;
			files = (
				379EBE2D1953F6DD00226FAB /* CoreGraphics.framework in Frameworks */,
				379EBE2F1953F6DD00226FAB /* UIKit.framework in Frameworks */,
				379EBE2B1953F6DD00226FAB /* Foundation.framework in Frameworks */,
				D0794EC3D7984BDAA9A278B0 /* libPods.a in Frameworks */,
			);
			runOnlyForDeploymentPostprocessing = 0;
		};
		379EBE3F1953F6DD00226FAB /* Frameworks */ = {
			isa = PBXFrameworksBuildPhase;
			buildActionMask = 2147483647;
			files = (
				379EBE441953F6DD00226FAB /* XCTest.framework in Frameworks */,
				379EBE461953F6DD00226FAB /* UIKit.framework in Frameworks */,
				379EBE451953F6DD00226FAB /* Foundation.framework in Frameworks */,
			);
			runOnlyForDeploymentPostprocessing = 0;
		};
/* End PBXFrameworksBuildPhase section */

/* Begin PBXGroup section */
		379EBE1E1953F6DD00226FAB = {
			isa = PBXGroup;
			children = (
				379EBE7B1955D4B200226FAB /* Images */,
				379EBE751955408400226FAB /* Views */,
				379EBE6919549C5400226FAB /* Models */,
				379EBE641953FB8300226FAB /* Categories */,
				379EBE5D1953F98100226FAB /* ViewControllers */,
				379EBE591953F88900226FAB /* TwitterClient */,
				379EBE301953F6DD00226FAB /* TweetieClient */,
				379EBE491953F6DD00226FAB /* TweetieClientTests */,
				379EBE291953F6DD00226FAB /* Frameworks */,
				379EBE281953F6DD00226FAB /* Products */,
				8A1C276C18E9414AAE33CEB1 /* Pods.xcconfig */,
			);
			sourceTree = "<group>";
		};
		379EBE281953F6DD00226FAB /* Products */ = {
			isa = PBXGroup;
			children = (
				379EBE271953F6DD00226FAB /* TweetieClient.app */,
				379EBE421953F6DD00226FAB /* TweetieClientTests.xctest */,
			);
			name = Products;
			sourceTree = "<group>";
		};
		379EBE291953F6DD00226FAB /* Frameworks */ = {
			isa = PBXGroup;
			children = (
				379EBE2A1953F6DD00226FAB /* Foundation.framework */,
				379EBE2C1953F6DD00226FAB /* CoreGraphics.framework */,
				379EBE2E1953F6DD00226FAB /* UIKit.framework */,
				379EBE431953F6DD00226FAB /* XCTest.framework */,
				5748FA3C7ED04042A4606111 /* libPods.a */,
			);
			name = Frameworks;
			sourceTree = "<group>";
		};
		379EBE301953F6DD00226FAB /* TweetieClient */ = {
			isa = PBXGroup;
			children = (
				379EBE391953F6DD00226FAB /* AppDelegate.h */,
				379EBE3A1953F6DD00226FAB /* AppDelegate.m */,
				379EBE3C1953F6DD00226FAB /* Images.xcassets */,
				379EBE311953F6DD00226FAB /* Supporting Files */,
			);
			path = TweetieClient;
			sourceTree = "<group>";
		};
		379EBE311953F6DD00226FAB /* Supporting Files */ = {
			isa = PBXGroup;
			children = (
				379EBE321953F6DD00226FAB /* TweetieClient-Info.plist */,
				379EBE331953F6DD00226FAB /* InfoPlist.strings */,
				379EBE361953F6DD00226FAB /* main.m */,
				379EBE381953F6DD00226FAB /* TweetieClient-Prefix.pch */,
			);
			name = "Supporting Files";
			sourceTree = "<group>";
		};
		379EBE491953F6DD00226FAB /* TweetieClientTests */ = {
			isa = PBXGroup;
			children = (
				379EBE4F1953F6DD00226FAB /* TweetieClientTests.m */,
				379EBE4A1953F6DD00226FAB /* Supporting Files */,
			);
			path = TweetieClientTests;
			sourceTree = "<group>";
		};
		379EBE4A1953F6DD00226FAB /* Supporting Files */ = {
			isa = PBXGroup;
			children = (
				379EBE4B1953F6DD00226FAB /* TweetieClientTests-Info.plist */,
				379EBE4C1953F6DD00226FAB /* InfoPlist.strings */,
			);
			name = "Supporting Files";
			sourceTree = "<group>";
		};
		379EBE591953F88900226FAB /* TwitterClient */ = {
			isa = PBXGroup;
			children = (
				379EBE5A1953F8B300226FAB /* TwitterClient.h */,
				379EBE5B1953F8B300226FAB /* TwitterClient.m */,
			);
			name = TwitterClient;
			sourceTree = "<group>";
		};
		379EBE5D1953F98100226FAB /* ViewControllers */ = {
			isa = PBXGroup;
			children = (
				379EBE5E1953F99F00226FAB /* LoginViewController.h */,
				379EBE5F1953F99F00226FAB /* LoginViewController.m */,
				379EBE601953F99F00226FAB /* LoginViewController.xib */,
				379EBE701954E8C300226FAB /* TimelineViewController.h */,
				379EBE711954E8C300226FAB /* TimelineViewController.m */,
				379EBE721954E8C300226FAB /* TimelineViewController.xib */,
				379EBE8919565C9100226FAB /* TweetViewController.h */,
				379EBE8A19565C9100226FAB /* TweetViewController.m */,
				379EBE8B19565C9100226FAB /* TweetViewController.xib */,
				379EBE8E19572F0600226FAB /* ComposeViewController.h */,
				379EBE8F19572F0600226FAB /* ComposeViewController.m */,
				379EBE9019572F0600226FAB /* ComposeViewController.xib */,
			);
			name = ViewControllers;
			sourceTree = "<group>";
		};
		379EBE641953FB8300226FAB /* Categories */ = {
			isa = PBXGroup;
			children = (
				379EBE661953FC5600226FAB /* NSURL+dictionaryFromQueryString.h */,
				379EBE671953FC5600226FAB /* NSURL+dictionaryFromQueryString.m */,
			);
			name = Categories;
			sourceTree = "<group>";
		};
		379EBE6919549C5400226FAB /* Models */ = {
			isa = PBXGroup;
			children = (
				379EBE6A19549C9600226FAB /* User.h */,
				379EBE6B19549C9600226FAB /* User.m */,
				379EBE6D1954A5E700226FAB /* Tweet.h */,
				379EBE6E1954A5E700226FAB /* Tweet.m */,
			);
			name = Models;
			sourceTree = "<group>";
		};
		379EBE751955408400226FAB /* Views */ = {
			isa = PBXGroup;
			children = (
				379EBE7619554B8D00226FAB /* TweetViewCell.h */,
				379EBE7719554B8D00226FAB /* TweetViewCell.m */,
				379EBE7819554B8D00226FAB /* TweetViewCell.xib */,
				379EBE841956192600226FAB /* RetweetViewCell.h */,
				379EBE851956192600226FAB /* RetweetViewCell.m */,
				379EBE861956192600226FAB /* RetweetViewCell.xib */,
			);
			name = Views;
			sourceTree = "<group>";
		};
		379EBE7B1955D4B200226FAB /* Images */ = {
			isa = PBXGroup;
			children = (
				377D156E1959DE25004E4E67 /* bird_gray_48.png */,
				377D156C1959DD14004E4E67 /* bird_blue_48.png */,
				377D156A1959C6EB004E4E67 /* retweet_blue.png */,
				379EBE931957945B00226FAB /* faved.png */,
				379EBE7C1955D4CF00226FAB /* reply.png */,
				379EBE7D1955D4CF00226FAB /* retweet.png */,
				379EBE7E1955D4CF00226FAB /* fav.png */,
				379EBE7F1955D4CF00226FAB /* compose.png */,
			);
			name = Images;
			sourceTree = "<group>";
		};
/* End PBXGroup section */

/* Begin PBXNativeTarget section */
		379EBE261953F6DD00226FAB /* TweetieClient */ = {
			isa = PBXNativeTarget;
			buildConfigurationList = 379EBE531953F6DD00226FAB /* Build configuration list for PBXNativeTarget "TweetieClient" */;
			buildPhases = (
				E753298202064998A75793F8 /* Check Pods Manifest.lock */,
				379EBE231953F6DD00226FAB /* Sources */,
				379EBE241953F6DD00226FAB /* Frameworks */,
				379EBE251953F6DD00226FAB /* Resources */,
				41E0D1C740014A2BBCFD7161 /* Copy Pods Resources */,
			);
			buildRules = (
			);
			dependencies = (
			);
			name = TweetieClient;
			productName = TweetieClient;
			productReference = 379EBE271953F6DD00226FAB /* TweetieClient.app */;
			productType = "com.apple.product-type.application";
		};
		379EBE411953F6DD00226FAB /* TweetieClientTests */ = {
			isa = PBXNativeTarget;
			buildConfigurationList = 379EBE561953F6DD00226FAB /* Build configuration list for PBXNativeTarget "TweetieClientTests" */;
			buildPhases = (
				379EBE3E1953F6DD00226FAB /* Sources */,
				379EBE3F1953F6DD00226FAB /* Frameworks */,
				379EBE401953F6DD00226FAB /* Resources */,
			);
			buildRules = (
			);
			dependencies = (
				379EBE481953F6DD00226FAB /* PBXTargetDependency */,
			);
			name = TweetieClientTests;
			productName = TweetieClientTests;
			productReference = 379EBE421953F6DD00226FAB /* TweetieClientTests.xctest */;
			productType = "com.apple.product-type.bundle.unit-test";
		};
/* End PBXNativeTarget section */

/* Begin PBXProject section */
		379EBE1F1953F6DD00226FAB /* Project object */ = {
			isa = PBXProject;
			attributes = {
				LastUpgradeCheck = 0510;
				ORGANIZATIONNAME = kolekse;
				TargetAttributes = {
					379EBE411953F6DD00226FAB = {
						TestTargetID = 379EBE261953F6DD00226FAB;
					};
				};
			};
			buildConfigurationList = 379EBE221953F6DD00226FAB /* Build configuration list for PBXProject "TweetieClient" */;
			compatibilityVersion = "Xcode 3.2";
			developmentRegion = English;
			hasScannedForEncodings = 0;
			knownRegions = (
				en,
			);
			mainGroup = 379EBE1E1953F6DD00226FAB;
			productRefGroup = 379EBE281953F6DD00226FAB /* Products */;
			projectDirPath = "";
			projectRoot = "";
			targets = (
				379EBE261953F6DD00226FAB /* TweetieClient */,
				379EBE411953F6DD00226FAB /* TweetieClientTests */,
			);
		};
/* End PBXProject section */

/* Begin PBXResourcesBuildPhase section */
		379EBE251953F6DD00226FAB /* Resources */ = {
			isa = PBXResourcesBuildPhase;
			buildActionMask = 2147483647;
			files = (
				379EBE811955D4CF00226FAB /* retweet.png in Resources */,
				377D156F1959DE25004E4E67 /* bird_gray_48.png in Resources */,
				379EBE801955D4CF00226FAB /* reply.png in Resources */,
				379EBE351953F6DD00226FAB /* InfoPlist.strings in Resources */,
				377D156D1959DD14004E4E67 /* bird_blue_48.png in Resources */,
				379EBE741954E8C300226FAB /* TimelineViewController.xib in Resources */,
				379EBE831955D4CF00226FAB /* compose.png in Resources */,
				379EBE8D19565C9100226FAB /* TweetViewController.xib in Resources */,
				379EBE7A19554B8D00226FAB /* TweetViewCell.xib in Resources */,
				379EBE9219572F0600226FAB /* ComposeViewController.xib in Resources */,
				379EBE941957945B00226FAB /* faved.png in Resources */,
				379EBE3D1953F6DD00226FAB /* Images.xcassets in Resources */,
				379EBE621953F99F00226FAB /* LoginViewController.xib in Resources */,
				379EBE821955D4CF00226FAB /* fav.png in Resources */,
				379EBE881956192600226FAB /* RetweetViewCell.xib in Resources */,
				377D156B1959C6EB004E4E67 /* retweet_blue.png in Resources */,
			);
			runOnlyForDeploymentPostprocessing = 0;
		};
		379EBE401953F6DD00226FAB /* Resources */ = {
			isa = PBXResourcesBuildPhase;
			buildActionMask = 2147483647;
			files = (
				379EBE4E1953F6DD00226FAB /* InfoPlist.strings in Resources */,
			);
			runOnlyForDeploymentPostprocessing = 0;
		};
/* End PBXResourcesBuildPhase section */

/* Begin PBXShellScriptBuildPhase section */
		41E0D1C740014A2BBCFD7161 /* Copy Pods Resources */ = {
			isa = PBXShellScriptBuildPhase;
			buildActionMask = 2147483647;
			files = (
			);
			inputPaths = (
			);
			name = "Copy Pods Resources";
			outputPaths = (
			);
			runOnlyForDeploymentPostprocessing = 0;
			shellPath = /bin/sh;
			shellScript = "\"${SRCROOT}/Pods/Pods-resources.sh\"\n";
			showEnvVarsInLog = 0;
		};
		E753298202064998A75793F8 /* Check Pods Manifest.lock */ = {
			isa = PBXShellScriptBuildPhase;
			buildActionMask = 2147483647;
			files = (
			);
			inputPaths = (
			);
			name = "Check Pods Manifest.lock";
			outputPaths = (
			);
			runOnlyForDeploymentPostprocessing = 0;
			shellPath = /bin/sh;
			shellScript = "diff \"${PODS_ROOT}/../Podfile.lock\" \"${PODS_ROOT}/Manifest.lock\" > /dev/null\nif [[ $? != 0 ]] ; then\n    cat << EOM\nerror: The sandbox is not in sync with the Podfile.lock. Run 'pod install' or update your CocoaPods installation.\nEOM\n    exit 1\nfi\n";
			showEnvVarsInLog = 0;
		};
/* End PBXShellScriptBuildPhase section */

/* Begin PBXSourcesBuildPhase section */
		379EBE231953F6DD00226FAB /* Sources */ = {
			isa = PBXSourcesBuildPhase;
			buildActionMask = 2147483647;
			files = (
				379EBE611953F99F00226FAB /* LoginViewController.m in Sources */,
				379EBE871956192600226FAB /* RetweetViewCell.m in Sources */,
				379EBE731954E8C300226FAB /* TimelineViewController.m in Sources */,
				379EBE9119572F0600226FAB /* ComposeViewController.m in Sources */,
				379EBE3B1953F6DD00226FAB /* AppDelegate.m in Sources */,
				379EBE6C19549C9600226FAB /* User.m in Sources */,
				379EBE8C19565C9100226FAB /* TweetViewController.m in Sources */,
				379EBE6F1954A5E700226FAB /* Tweet.m in Sources */,
				379EBE681953FC5600226FAB /* NSURL+dictionaryFromQueryString.m in Sources */,
				379EBE5C1953F8B300226FAB /* TwitterClient.m in Sources */,
				379EBE7919554B8D00226FAB /* TweetViewCell.m in Sources */,
				379EBE371953F6DD00226FAB /* main.m in Sources */,
			);
			runOnlyForDeploymentPostprocessing = 0;
		};
		379EBE3E1953F6DD00226FAB /* Sources */ = {
			isa = PBXSourcesBuildPhase;
			buildActionMask = 2147483647;
			files = (
				379EBE501953F6DD00226FAB /* TweetieClientTests.m in Sources */,
			);
			runOnlyForDeploymentPostprocessing = 0;
		};
/* End PBXSourcesBuildPhase section */

/* Begin PBXTargetDependency section */
		379EBE481953F6DD00226FAB /* PBXTargetDependency */ = {
			isa = PBXTargetDependency;
			target = 379EBE261953F6DD00226FAB /* TweetieClient */;
			targetProxy = 379EBE471953F6DD00226FAB /* PBXContainerItemProxy */;
		};
/* End PBXTargetDependency section */

/* Begin PBXVariantGroup section */
		379EBE331953F6DD00226FAB /* InfoPlist.strings */ = {
			isa = PBXVariantGroup;
			children = (
				379EBE341953F6DD00226FAB /* en */,
			);
			name = InfoPlist.strings;
			sourceTree = "<group>";
		};
		379EBE4C1953F6DD00226FAB /* InfoPlist.strings */ = {
			isa = PBXVariantGroup;
			children = (
				379EBE4D1953F6DD00226FAB /* en */,
			);
			name = InfoPlist.strings;
			sourceTree = "<group>";
		};
/* End PBXVariantGroup section */

/* Begin XCBuildConfiguration section */
		379EBE511953F6DD00226FAB /* Debug */ = {
			isa = XCBuildConfiguration;
			buildSettings = {
				ALWAYS_SEARCH_USER_PATHS = NO;
				CLANG_CXX_LANGUAGE_STANDARD = "gnu++0x";
				CLANG_CXX_LIBRARY = "libc++";
				CLANG_ENABLE_MODULES = YES;
				CLANG_ENABLE_OBJC_ARC = YES;
				CLANG_WARN_BOOL_CONVERSION = YES;
				CLANG_WARN_CONSTANT_CONVERSION = YES;
				CLANG_WARN_DIRECT_OBJC_ISA_USAGE = YES_ERROR;
				CLANG_WARN_EMPTY_BODY = YES;
				CLANG_WARN_ENUM_CONVERSION = YES;
				CLANG_WARN_INT_CONVERSION = YES;
				CLANG_WARN_OBJC_ROOT_CLASS = YES_ERROR;
				CLANG_WARN__DUPLICATE_METHOD_MATCH = YES;
				"CODE_SIGN_IDENTITY[sdk=iphoneos*]" = "iPhone Developer";
				COPY_PHASE_STRIP = NO;
				GCC_C_LANGUAGE_STANDARD = gnu99;
				GCC_DYNAMIC_NO_PIC = NO;
				GCC_OPTIMIZATION_LEVEL = 0;
				GCC_PREPROCESSOR_DEFINITIONS = (
					"DEBUG=1",
					"$(inherited)",
				);
				GCC_SYMBOLS_PRIVATE_EXTERN = NO;
				GCC_WARN_64_TO_32_BIT_CONVERSION = YES;
				GCC_WARN_ABOUT_RETURN_TYPE = YES_ERROR;
				GCC_WARN_UNDECLARED_SELECTOR = YES;
				GCC_WARN_UNINITIALIZED_AUTOS = YES_AGGRESSIVE;
				GCC_WARN_UNUSED_FUNCTION = YES;
				GCC_WARN_UNUSED_VARIABLE = YES;
				IPHONEOS_DEPLOYMENT_TARGET = 7.1;
				ONLY_ACTIVE_ARCH = YES;
				SDKROOT = iphoneos;
			};
			name = Debug;
		};
		379EBE521953F6DD00226FAB /* Release */ = {
			isa = XCBuildConfiguration;
			buildSettings = {
				ALWAYS_SEARCH_USER_PATHS = NO;
				CLANG_CXX_LANGUAGE_STANDARD = "gnu++0x";
				CLANG_CXX_LIBRARY = "libc++";
				CLANG_ENABLE_MODULES = YES;
				CLANG_ENABLE_OBJC_ARC = YES;
				CLANG_WARN_BOOL_CONVERSION = YES;
				CLANG_WARN_CONSTANT_CONVERSION = YES;
				CLANG_WARN_DIRECT_OBJC_ISA_USAGE = YES_ERROR;
				CLANG_WARN_EMPTY_BODY = YES;
				CLANG_WARN_ENUM_CONVERSION = YES;
				CLANG_WARN_INT_CONVERSION = YES;
				CLANG_WARN_OBJC_ROOT_CLASS = YES_ERROR;
				CLANG_WARN__DUPLICATE_METHOD_MATCH = YES;
				"CODE_SIGN_IDENTITY[sdk=iphoneos*]" = "iPhone Developer";
				COPY_PHASE_STRIP = YES;
				ENABLE_NS_ASSERTIONS = NO;
				GCC_C_LANGUAGE_STANDARD = gnu99;
				GCC_WARN_64_TO_32_BIT_CONVERSION = YES;
				GCC_WARN_ABOUT_RETURN_TYPE = YES_ERROR;
				GCC_WARN_UNDECLARED_SELECTOR = YES;
				GCC_WARN_UNINITIALIZED_AUTOS = YES_AGGRESSIVE;
				GCC_WARN_UNUSED_FUNCTION = YES;
				GCC_WARN_UNUSED_VARIABLE = YES;
				IPHONEOS_DEPLOYMENT_TARGET = 7.1;
				SDKROOT = iphoneos;
				VALIDATE_PRODUCT = YES;
			};
			name = Release;
		};
		379EBE541953F6DD00226FAB /* Debug */ = {
			isa = XCBuildConfiguration;
			baseConfigurationReference = 8A1C276C18E9414AAE33CEB1 /* Pods.xcconfig */;
			buildSettings = {
				ASSETCATALOG_COMPILER_APPICON_NAME = AppIcon;
				ASSETCATALOG_COMPILER_LAUNCHIMAGE_NAME = LaunchImage;
				GCC_PRECOMPILE_PREFIX_HEADER = YES;
				GCC_PREFIX_HEADER = "TweetieClient/TweetieClient-Prefix.pch";
				INFOPLIST_FILE = "TweetieClient/TweetieClient-Info.plist";
				PRODUCT_NAME = "$(TARGET_NAME)";
				WRAPPER_EXTENSION = app;
			};
			name = Debug;
		};
		379EBE551953F6DD00226FAB /* Release */ = {
			isa = XCBuildConfiguration;
			baseConfigurationReference = 8A1C276C18E9414AAE33CEB1 /* Pods.xcconfig */;
			buildSettings = {
				ASSETCATALOG_COMPILER_APPICON_NAME = AppIcon;
				ASSETCATALOG_COMPILER_LAUNCHIMAGE_NAME = LaunchImage;
				GCC_PRECOMPILE_PREFIX_HEADER = YES;
				GCC_PREFIX_HEADER = "TweetieClient/TweetieClient-Prefix.pch";
				INFOPLIST_FILE = "TweetieClient/TweetieClient-Info.plist";
				PRODUCT_NAME = "$(TARGET_NAME)";
				WRAPPER_EXTENSION = app;
			};
			name = Release;
		};
		379EBE571953F6DD00226FAB /* Debug */ = {
			isa = XCBuildConfiguration;
			buildSettings = {
				BUNDLE_LOADER = "$(BUILT_PRODUCTS_DIR)/TweetieClient.app/TweetieClient";
				FRAMEWORK_SEARCH_PATHS = (
					"$(SDKROOT)/Developer/Library/Frameworks",
					"$(inherited)",
					"$(DEVELOPER_FRAMEWORKS_DIR)",
				);
				GCC_PRECOMPILE_PREFIX_HEADER = YES;
				GCC_PREFIX_HEADER = "TweetieClient/TweetieClient-Prefix.pch";
				GCC_PREPROCESSOR_DEFINITIONS = (
					"DEBUG=1",
					"$(inherited)",
				);
				INFOPLIST_FILE = "TweetieClientTests/TweetieClientTests-Info.plist";
				PRODUCT_NAME = "$(TARGET_NAME)";
				TEST_HOST = "$(BUNDLE_LOADER)";
				WRAPPER_EXTENSION = xctest;
			};
			name = Debug;
		};
		379EBE581953F6DD00226FAB /* Release */ = {
			isa = XCBuildConfiguration;
			buildSettings = {
				BUNDLE_LOADER = "$(BUILT_PRODUCTS_DIR)/TweetieClient.app/TweetieClient";
				FRAMEWORK_SEARCH_PATHS = (
					"$(SDKROOT)/Developer/Library/Frameworks",
					"$(inherited)",
					"$(DEVELOPER_FRAMEWORKS_DIR)",
				);
				GCC_PRECOMPILE_PREFIX_HEADER = YES;
				GCC_PREFIX_HEADER = "TweetieClient/TweetieClient-Prefix.pch";
				INFOPLIST_FILE = "TweetieClientTests/TweetieClientTests-Info.plist";
				PRODUCT_NAME = "$(TARGET_NAME)";
				TEST_HOST = "$(BUNDLE_LOADER)";
				WRAPPER_EXTENSION = xctest;
			};
			name = Release;
		};
/* End XCBuildConfiguration section */

/* Begin XCConfigurationList section */
		379EBE221953F6DD00226FAB /* Build configuration list for PBXProject "TweetieClient" */ = {
			isa = XCConfigurationList;
			buildConfigurations = (
				379EBE511953F6DD00226FAB /* Debug */,
				379EBE521953F6DD00226FAB /* Release */,
			);
			defaultConfigurationIsVisible = 0;
			defaultConfigurationName = Release;
		};
		379EBE531953F6DD00226FAB /* Build configuration list for PBXNativeTarget "TweetieClient" */ = {
			isa = XCConfigurationList;
			buildConfigurations = (
				379EBE541953F6DD00226FAB /* Debug */,
				379EBE551953F6DD00226FAB /* Release */,
			);
			defaultConfigurationIsVisible = 0;
			defaultConfigurationName = Release;
		};
		379EBE561953F6DD00226FAB /* Build configuration list for PBXNativeTarget "TweetieClientTests" */ = {
			isa = XCConfigurationList;
			buildConfigurations = (
				379EBE571953F6DD00226FAB /* Debug */,
				379EBE581953F6DD00226FAB /* Release */,
			);
			defaultConfigurationIsVisible = 0;
			defaultConfigurationName = Release;
		};
/* End XCConfigurationList section */
	};
	rootObject = 379EBE1F1953F6DD00226FAB /* Project object */;
}
